
Microsoft Visual Studio Solution File, Format Version 12.00
# Visual Studio Version 16
VisualStudioVersion = 16.0.30524.135
MinimumVisualStudioVersion = 10.0.40219.1
Project("{9A19103F-16F7-4668-BE54-9A1E7A4F7556}") = "CoinJar", "CoinsJar\CoinJar.csproj", "{67EF814B-898E-4043-AAF5-F13D020718D6}"
EndProject
Project("{9A19103F-16F7-4668-BE54-9A1E7A4F7556}") = "CoinJar.DataAccess", "CoinsJar.DataAccess\CoinJar.DataAccess.csproj", "{0F2CCF86-2DE1-4367-88CE-38E05034D2A6}"
EndProject
Project("{9A19103F-16F7-4668-BE54-9A1E7A4F7556}") = "CoinJar.Entities", "CoinsJar.Entities\CoinJar.Entities.csproj", "{2A1011E2-CF88-472E-A139-0DD7E05D5F45}"
EndProject
Project("{9A19103F-16F7-4668-BE54-9A1E7A4F7556}") = "CoinJar.Interfaces", "CoinsJar.Interfaces\CoinJar.Interfaces.csproj", "{DD643E11-EF78-42CC-BFF7-EC2088C6F3F9}"
EndProject
Project("{9A19103F-16F7-4668-BE54-9A1E7A4F7556}") = "CoinJar.Utilities", "CoinsJar.Utilities\CoinJar.Utilities.csproj", "{8938F734-31A4-4A01-A4C4-500AFC976938}"
EndProject
Project("{9A19103F-16F7-4668-BE54-9A1E7A4F7556}") = "CoinJar.ViewModels", "CoinsJar.ViewModels\CoinJar.ViewModels.csproj", "{91C30A89-BC87-4254-9372-76B3F0ED6D90}"
EndProject
Project("{FAE04EC0-301F-11D3-BF4B-00C04F79EFBC}") = "CoinsJar.Tests", "CoinsJar.Tests\CoinsJar.Tests.csproj", "{0C49BDC4-F0C3-4767-9E80-F992BA29715C}"
EndProject
Global
	GlobalSection(SolutionConfigurationPlatforms) = preSolution
		Debug (In Process)|Any CPU = Debug (In Process)|Any CPU
		Debug|Any CPU = Debug|Any CPU
		Dev|Any CPU = Dev|Any CPU
		IntT|Any CPU = IntT|Any CPU
		QA|Any CPU = QA|Any CPU
		Release|Any CPU = Release|Any CPU
		UAT|Any CPU = UAT|Any CPU
	EndGlobalSection
	GlobalSection(ProjectConfigurationPlatforms) = postSolution
		{67EF814B-898E-4043-AAF5-F13D020718D6}.Debug (In Process)|Any CPU.ActiveCfg = Debug|Any CPU
		{67EF814B-898E-4043-AAF5-F13D020718D6}.Debug (In Process)|Any CPU.Build.0 = Debug|Any CPU
		{67EF814B-898E-4043-AAF5-F13D020718D6}.Debug|Any CPU.ActiveCfg = Debug|Any CPU
		{67EF814B-898E-4043-AAF5-F13D020718D6}.Debug|Any CPU.Build.0 = Debug|Any CPU
		{67EF814B-898E-4043-AAF5-F13D020718D6}.Dev|Any CPU.ActiveCfg = Debug|Any CPU
		{67EF814B-898E-4043-AAF5-F13D020718D6}.Dev|Any CPU.Build.0 = Debug|Any CPU
		{67EF814B-898E-4043-AAF5-F13D020718D6}.IntT|Any CPU.ActiveCfg = Release|Any CPU
		{67EF814B-898E-4043-AAF5-F13D020718D6}.IntT|Any CPU.Build.0 = Release|Any CPU
		{67EF814B-898E-4043-AAF5-F13D020718D6}.QA|Any CPU.ActiveCfg = Release|Any CPU
		{67EF814B-898E-4043-AAF5-F13D020718D6}.QA|Any CPU.Build.0 = Release|Any CPU
		{67EF814B-898E-4043-AAF5-F13D020718D6}.Release|Any CPU.ActiveCfg = Release|Any CPU
		{67EF814B-898E-4043-AAF5-F13D020718D6}.Release|Any CPU.Build.0 = Release|Any CPU
		{67EF814B-898E-4043-AAF5-F13D020718D6}.UAT|Any CPU.ActiveCfg = Release|Any CPU
		{67EF814B-898E-4043-AAF5-F13D020718D6}.UAT|Any CPU.Build.0 = Release|Any CPU
		{0F2CCF86-2DE1-4367-88CE-38E05034D2A6}.Debug (In Process)|Any CPU.ActiveCfg = Debug|Any CPU
		{0F2CCF86-2DE1-4367-88CE-38E05034D2A6}.Debug (In Process)|Any CPU.Build.0 = Debug|Any CPU
		{0F2CCF86-2DE1-4367-88CE-38E05034D2A6}.Debug|Any CPU.ActiveCfg = Debug|Any CPU
		{0F2CCF86-2DE1-4367-88CE-38E05034D2A6}.Debug|Any CPU.Build.0 = Debug|Any CPU
		{0F2CCF86-2DE1-4367-88CE-38E05034D2A6}.Dev|Any CPU.ActiveCfg = Debug|Any CPU
		{0F2CCF86-2DE1-4367-88CE-38E05034D2A6}.Dev|Any CPU.Build.0 = Debug|Any CPU
		{0F2CCF86-2DE1-4367-88CE-38E05034D2A6}.IntT|Any CPU.ActiveCfg = Release|Any CPU
		{0F2CCF86-2DE1-4367-88CE-38E05034D2A6}.IntT|Any CPU.Build.0 = Release|Any CPU
		{0F2CCF86-2DE1-4367-88CE-38E05034D2A6}.QA|Any CPU.ActiveCfg = Release|Any CPU
		{0F2CCF86-2DE1-4367-88CE-38E05034D2A6}.QA|Any CPU.Build.0 = Release|Any CPU
		{0F2CCF86-2DE1-4367-88CE-38E05034D2A6}.Release|Any CPU.ActiveCfg = Release|Any CPU
		{0F2CCF86-2DE1-4367-88CE-38E05034D2A6}.Release|Any CPU.Build.0 = Release|Any CPU
		{0F2CCF86-2DE1-4367-88CE-38E05034D2A6}.UAT|Any CPU.ActiveCfg = Release|Any CPU
		{0F2CCF86-2DE1-4367-88CE-38E05034D2A6}.UAT|Any CPU.Build.0 = Release|Any CPU
		{2A1011E2-CF88-472E-A139-0DD7E05D5F45}.Debug (In Process)|Any CPU.ActiveCfg = Debug|Any CPU
		{2A1011E2-CF88-472E-A139-0DD7E05D5F45}.Debug (In Process)|Any CPU.Build.0 = Debug|Any CPU
		{2A1011E2-CF88-472E-A139-0DD7E05D5F45}.Debug|Any CPU.ActiveCfg = Debug|Any CPU
		{2A1011E2-CF88-472E-A139-0DD7E05D5F45}.Debug|Any CPU.Build.0 = Debug|Any CPU
		{2A1011E2-CF88-472E-A139-0DD7E05D5F45}.Dev|Any CPU.ActiveCfg = Debug|Any CPU
		{2A1011E2-CF88-472E-A139-0DD7E05D5F45}.Dev|Any CPU.Build.0 = Debug|Any CPU
		{2A1011E2-CF88-472E-A139-0DD7E05D5F45}.IntT|Any CPU.ActiveCfg = Release|Any CPU
		{2A1011E2-CF88-472E-A139-0DD7E05D5F45}.IntT|Any CPU.Build.0 = Release|Any CPU
		{2A1011E2-CF88-472E-A139-0DD7E05D5F45}.QA|Any CPU.ActiveCfg = Release|Any CPU
		{2A1011E2-CF88-472E-A139-0DD7E05D5F45}.QA|Any CPU.Build.0 = Release|Any CPU
		{2A1011E2-CF88-472E-A139-0DD7E05D5F45}.Release|Any CPU.ActiveCfg = Release|Any CPU
		{2A1011E2-CF88-472E-A139-0DD7E05D5F45}.Release|Any CPU.Build.0 = Release|Any CPU
		{2A1011E2-CF88-472E-A139-0DD7E05D5F45}.UAT|Any CPU.ActiveCfg = Release|Any CPU
		{2A1011E2-CF88-472E-A139-0DD7E05D5F45}.UAT|Any CPU.Build.0 = Release|Any CPU
		{DD643E11-EF78-42CC-BFF7-EC2088C6F3F9}.Debug (In Process)|Any CPU.ActiveCfg = Debug|Any CPU
		{DD643E11-EF78-42CC-BFF7-EC2088C6F3F9}.Debug (In Process)|Any CPU.Build.0 = Debug|Any CPU
		{DD643E11-EF78-42CC-BFF7-EC2088C6F3F9}.Debug|Any CPU.ActiveCfg = Debug|Any CPU
		{DD643E11-EF78-42CC-BFF7-EC2088C6F3F9}.Debug|Any CPU.Build.0 = Debug|Any CPU
		{DD643E11-EF78-42CC-BFF7-EC2088C6F3F9}.Dev|Any CPU.ActiveCfg = Debug|Any CPU
		{DD643E11-EF78-42CC-BFF7-EC2088C6F3F9}.Dev|Any CPU.Build.0 = Debug|Any CPU
		{DD643E11-EF78-42CC-BFF7-EC2088C6F3F9}.IntT|Any CPU.ActiveCfg = Release|Any CPU
		{DD643E11-EF78-42CC-BFF7-EC2088C6F3F9}.IntT|Any CPU.Build.0 = Release|Any CPU
		{DD643E11-EF78-42CC-BFF7-EC2088C6F3F9}.QA|Any CPU.ActiveCfg = Release|Any CPU
		{DD643E11-EF78-42CC-BFF7-EC2088C6F3F9}.QA|Any CPU.Build.0 = Release|Any CPU
		{DD643E11-EF78-42CC-BFF7-EC2088C6F3F9}.Release|Any CPU.ActiveCfg = Release|Any CPU
		{DD643E11-EF78-42CC-BFF7-EC2088C6F3F9}.Release|Any CPU.Build.0 = Release|Any CPU
		{DD643E11-EF78-42CC-BFF7-EC2088C6F3F9}.UAT|Any CPU.ActiveCfg = Release|Any CPU
		{DD643E11-EF78-42CC-BFF7-EC2088C6F3F9}.UAT|Any CPU.Build.0 = Release|Any CPU
		{8938F734-31A4-4A01-A4C4-500AFC976938}.Debug (In Process)|Any CPU.ActiveCfg = Debug|Any CPU
		{8938F734-31A4-4A01-A4C4-500AFC976938}.Debug (In Process)|Any CPU.Build.0 = Debug|Any CPU
		{8938F734-31A4-4A01-A4C4-500AFC976938}.Debug|Any CPU.ActiveCfg = Debug|Any CPU
		{8938F734-31A4-4A01-A4C4-500AFC976938}.Debug|Any CPU.Build.0 = Debug|Any CPU
		{8938F734-31A4-4A01-A4C4-500AFC976938}.Dev|Any CPU.ActiveCfg = Debug|Any CPU
		{8938F734-31A4-4A01-A4C4-500AFC976938}.Dev|Any CPU.Build.0 = Debug|Any CPU
		{8938F734-31A4-4A01-A4C4-500AFC976938}.IntT|Any CPU.ActiveCfg = Release|Any CPU
		{8938F734-31A4-4A01-A4C4-500AFC976938}.IntT|Any CPU.Build.0 = Release|Any CPU
		{8938F734-31A4-4A01-A4C4-500AFC976938}.QA|Any CPU.ActiveCfg = Release|Any CPU
		{8938F734-31A4-4A01-A4C4-500AFC976938}.QA|Any CPU.Build.0 = Release|Any CPU
		{8938F734-31A4-4A01-A4C4-500AFC976938}.Release|Any CPU.ActiveCfg = Release|Any CPU
		{8938F734-31A4-4A01-A4C4-500AFC976938}.Release|Any CPU.Build.0 = Release|Any CPU
		{8938F734-31A4-4A01-A4C4-500AFC976938}.UAT|Any CPU.ActiveCfg = Release|Any CPU
		{8938F734-31A4-4A01-A4C4-500AFC976938}.UAT|Any CPU.Build.0 = Release|Any CPU
		{91C30A89-BC87-4254-9372-76B3F0ED6D90}.Debug (In Process)|Any CPU.ActiveCfg = Debug|Any CPU
		{91C30A89-BC87-4254-9372-76B3F0ED6D90}.Debug (In Process)|Any CPU.Build.0 = Debug|Any CPU
		{91C30A89-BC87-4254-9372-76B3F0ED6D90}.Debug|Any CPU.ActiveCfg = Debug|Any CPU
		{91C30A89-BC87-4254-9372-76B3F0ED6D90}.Debug|Any CPU.Build.0 = Debug|Any CPU
		{91C30A89-BC87-4254-9372-76B3F0ED6D90}.Dev|Any CPU.ActiveCfg = Debug|Any CPU
		{91C30A89-BC87-4254-9372-76B3F0ED6D90}.Dev|Any CPU.Build.0 = Debug|Any CPU
		{91C30A89-BC87-4254-9372-76B3F0ED6D90}.IntT|Any CPU.ActiveCfg = Release|Any CPU
		{91C30A89-BC87-4254-9372-76B3F0ED6D90}.IntT|Any CPU.Build.0 = Release|Any CPU
		{91C30A89-BC87-4254-9372-76B3F0ED6D90}.QA|Any CPU.ActiveCfg = Release|Any CPU
		{91C30A89-BC87-4254-9372-76B3F0ED6D90}.QA|Any CPU.Build.0 = Release|Any CPU
		{91C30A89-BC87-4254-9372-76B3F0ED6D90}.Release|Any CPU.ActiveCfg = Release|Any CPU
		{91C30A89-BC87-4254-9372-76B3F0ED6D90}.Release|Any CPU.Build.0 = Release|Any CPU
		{91C30A89-BC87-4254-9372-76B3F0ED6D90}.UAT|Any CPU.ActiveCfg = Release|Any CPU
		{91C30A89-BC87-4254-9372-76B3F0ED6D90}.UAT|Any CPU.Build.0 = Release|Any CPU
		{0C49BDC4-F0C3-4767-9E80-F992BA29715C}.Debug (In Process)|Any CPU.ActiveCfg = Debug (In Process)|Any CPU
		{0C49BDC4-F0C3-4767-9E80-F992BA29715C}.Debug (In Process)|Any CPU.Build.0 = Debug (In Process)|Any CPU
		{0C49BDC4-F0C3-4767-9E80-F992BA29715C}.Debug|Any CPU.ActiveCfg = Debug|Any CPU
		{0C49BDC4-F0C3-4767-9E80-F992BA29715C}.Debug|Any CPU.Build.0 = Debug|Any CPU
		{0C49BDC4-F0C3-4767-9E80-F992BA29715C}.Dev|Any CPU.ActiveCfg = Dev|Any CPU
		{0C49BDC4-F0C3-4767-9E80-F992BA29715C}.Dev|Any CPU.Build.0 = Dev|Any CPU
		{0C49BDC4-F0C3-4767-9E80-F992BA29715C}.IntT|Any CPU.ActiveCfg = IntT|Any CPU
		{0C49BDC4-F0C3-4767-9E80-F992BA29715C}.IntT|Any CPU.Build.0 = IntT|Any CPU
		{0C49BDC4-F0C3-4767-9E80-F992BA29715C}.QA|Any CPU.ActiveCfg = QA|Any CPU
		{0C49BDC4-F0C3-4767-9E80-F992BA29715C}.QA|Any CPU.Build.0 = QA|Any CPU
		{0C49BDC4-F0C3-4767-9E80-F992BA29715C}.Release|Any CPU.ActiveCfg = Release|Any CPU
		{0C49BDC4-F0C3-4767-9E80-F992BA29715C}.Release|Any CPU.Build.0 = Release|Any CPU
		{0C49BDC4-F0C3-4767-9E80-F992BA29715C}.UAT|Any CPU.ActiveCfg = UAT|Any CPU
		{0C49BDC4-F0C3-4767-9E80-F992BA29715C}.UAT|Any CPU.Build.0 = UAT|Any CPU
	EndGlobalSection
	GlobalSection(SolutionProperties) = preSolution
		HideSolutionNode = FALSE
	EndGlobalSection
	GlobalSection(ExtensibilityGlobals) = postSolution
		SolutionGuid = {A036A552-4FFB-494F-9407-F1702BE3BAE8}
	EndGlobalSection
EndGlobal
